// !$*UTF8*$!
{
	archiveVersion = 1;
	classes = {
	};
	objectVersion = 77;
	objects = {

/* Begin PBXBuildFile section */
		024851B0C9E1314F96641B79 /* ai_wind_breeze.mp3 in Resources */ = {isa = PBXBuildFile; fileRef = FAC790A9085FC323462FAE65 /* ai_wind_breeze.mp3 */; };
		03ED113A61BF488B7817D84A /* StoryPlayerViewModel.swift in Sources */ = {isa = PBXBuildFile; fileRef = 07ABF7D45EF0CD927B9527F9 /* StoryPlayerViewModel.swift */; };
		0465A21EADB30A48FFC53332 /* ai_fire_camp.mp3 in Resources */ = {isa = PBXBuildFile; fileRef = D322D91DC77E81F92530A4E2 /* ai_fire_camp.mp3 */; };
		096F7FE1676A5E3658CB32C6 /* AudioServiceProtocol.swift in Sources */ = {isa = PBXBuildFile; fileRef = CD4D90D3BA990CDA0619CE4A /* AudioServiceProtocol.swift */; };
		17CC7DEC9B1C03BA65FADC20 /* TimerViewModel.swift in Sources */ = {isa = PBXBuildFile; fileRef = 835AC1F2F44DBCE94A633AA5 /* TimerViewModel.swift */; };
		1CF3BC208D145EAE7C3A9061 /* ActiveMixerPanel.swift in Sources */ = {isa = PBXBuildFile; fileRef = 0DE8A71CFC81B58BA87B9B70 /* ActiveMixerPanel.swift */; };
		1FF213A508F255662BBA3285 /* StartSleepIntent.swift in Sources */ = {isa = PBXBuildFile; fileRef = 3DDF1596B86A5B25702FE6C5 /* StartSleepIntent.swift */; };
		20F03D554F27FFE4A58BCC8C /* SleepRitualView.swift in Sources */ = {isa = PBXBuildFile; fileRef = C8CBD8D68816F96F8D229C1E /* SleepRitualView.swift */; };
		22B4BA53606868F543D579A7 /* ai_ocean_calm.mp3 in Resources */ = {isa = PBXBuildFile; fileRef = 7793C6014D15145DD8DFD6F7 /* ai_ocean_calm.mp3 */; };
		24C2E2A4D17F8A89EABA5AA1 /* AudioTestHelpers.swift in Sources */ = {isa = PBXBuildFile; fileRef = C0158939461D8D2BADC60684 /* AudioTestHelpers.swift */; };
		25906405A2AF9850AD104F9B /* TTSService.swift in Sources */ = {isa = PBXBuildFile; fileRef = AAD2158E63E1C70905DC9358 /* TTSService.swift */; };
		263975FE6C11A3D949CC27DE /* ai_forest_night.mp3 in Resources */ = {isa = PBXBuildFile; fileRef = 90EAA94B254BC982B22A9CD8 /* ai_forest_night.mp3 */; };
		27CE5DBB43212F0D4D2E5F02 /* SleepRitualViewModel.swift in Sources */ = {isa = PBXBuildFile; fileRef = 43DC6A0C34F40BB2DA5C2A82 /* SleepRitualViewModel.swift */; };
		2DDF6050F2EC4C6D3302A6A1 /* StoryItem.swift in Sources */ = {isa = PBXBuildFile; fileRef = CA23C3D196B84ECBA66F19FD /* StoryItem.swift */; };
		30260D30BFA053C6EF5C8994 /* AudioSessionManager.swift in Sources */ = {isa = PBXBuildFile; fileRef = A4A804160ED82C06AAA3C829 /* AudioSessionManager.swift */; };
		30C4B90A75EEA049A81A549D /* BreathView.swift in Sources */ = {isa = PBXBuildFile; fileRef = EC95D77677DF701ED1E012E3 /* BreathView.swift */; };
		3818EA2B3F27110C51EFEE08 /* SoundLibraryView.swift in Sources */ = {isa = PBXBuildFile; fileRef = 040F535724712AE0F15D4A9F /* SoundLibraryView.swift */; };
		39AC0E0205A6B994D5719739 /* HealthService.swift in Sources */ = {isa = PBXBuildFile; fileRef = CC0C0551B380A83704FDC47F /* HealthService.swift */; };
		402EBBC3FB487EC1C1CC935B /* Assets.xcassets in Resources */ = {isa = PBXBuildFile; fileRef = 4B879FB9BDE56B91A200F43C /* Assets.xcassets */; };
		427DF40E5BC7A06C78CA1F1F /* SoundTrack.swift in Sources */ = {isa = PBXBuildFile; fileRef = 57782B46D242303E244A21FD /* SoundTrack.swift */; };
		42AD8B47405B93A92D233B42 /* NoiseGeneratorTests.swift in Sources */ = {isa = PBXBuildFile; fileRef = 32E332F16A2F6A35FFEE1649 /* NoiseGeneratorTests.swift */; };
		43B877CC6599F09AF70D86EB /* SoundCategory.swift in Sources */ = {isa = PBXBuildFile; fileRef = E01DF2DEB9BA6E75BA0C612C /* SoundCategory.swift */; };
		43F755F477336B5071E26538 /* StopAllSoundsIntent.swift in Sources */ = {isa = PBXBuildFile; fileRef = CC25B5BDB06926870A38BBB3 /* StopAllSoundsIntent.swift */; };
		440912E136752167BD4424F3 /* LaunchScreen.storyboard in Resources */ = {isa = PBXBuildFile; fileRef = B5FF3104E99E6692474E3D95 /* LaunchScreen.storyboard */; };
		49B20054D2739E2DA6B69EAA /* ai_singing_bowl.mp3 in Resources */ = {isa = PBXBuildFile; fileRef = D46190D64BB6C27C5EF2138F /* ai_singing_bowl.mp3 */; };
		4BCE66766B49EF59E66F2969 /* UsageTracker.swift in Sources */ = {isa = PBXBuildFile; fileRef = 4F39D35817FEA9542134AF57 /* UsageTracker.swift */; };
		5503A6C9933137B0A762A469 /* AVAudioPCMBuffer+TestTone.swift in Sources */ = {isa = PBXBuildFile; fileRef = C183323AD91CDB137F7C4061 /* AVAudioPCMBuffer+TestTone.swift */; };
		56DD3249478CC020D1132AB1 /* ai_thunder_slow.mp3 in Resources */ = {isa = PBXBuildFile; fileRef = 9880534B98849A2B45681C69 /* ai_thunder_slow.mp3 */; };
		59B1B5D8CC3D24AC6277B5AE /* meditation_body_scan.mp3 in Resources */ = {isa = PBXBuildFile; fileRef = 0037A6621FC4FE1655D31857 /* meditation_body_scan.mp3 */; };
		5A300A8457191FA7A30A2740 /* Theme.swift in Sources */ = {isa = PBXBuildFile; fileRef = 250A88BFB8C7285364457908 /* Theme.swift */; };
		5A639CC012C213E8C33041D0 /* AudioServiceTests.swift in Sources */ = {isa = PBXBuildFile; fileRef = 858D27EB4FF16FD5260FDD56 /* AudioServiceTests.swift */; };
		5B322632D63D150565504216 /* ai_summer_bugs.mp3 in Resources */ = {isa = PBXBuildFile; fileRef = 7D6C0D44EB0FF32C5FF82A7F /* ai_summer_bugs.mp3 */; };
		5CAEC717BBC325CF2CC51FB0 /* ai_cello_nocturne.mp3 in Resources */ = {isa = PBXBuildFile; fileRef = D4C1732DB1639B42A19CE19B /* ai_cello_nocturne.mp3 */; };
		623DD9A2D19F4C42DC971130 /* ai_deep_space.mp3 in Resources */ = {isa = PBXBuildFile; fileRef = 88E938D694A5DC47E368A903 /* ai_deep_space.mp3 */; };
		62EE4672E69F62E01C4503B8 /* Provider.swift in Sources */ = {isa = PBXBuildFile; fileRef = 82C93DFE4160299996992522 /* Provider.swift */; };
		66104E54DD38A627694C27BE /* NowPlayingController.swift in Sources */ = {isa = PBXBuildFile; fileRef = DDDC4569646AC2755F8897B8 /* NowPlayingController.swift */; };
		670E8EAF7B1732D21D3A9161 /* meditation_gratitude.mp3 in Resources */ = {isa = PBXBuildFile; fileRef = 047460CE2902E8B1EED13C23 /* meditation_gratitude.mp3 */; };
		6A0323E57ADD3C50600F7952 /* UnhurryApp.swift in Sources */ = {isa = PBXBuildFile; fileRef = 4C7756D98C241798772FF113 /* UnhurryApp.swift */; };
		6BD31B59FADFDEF0E9CD5379 /* meditation_breath.mp3 in Resources */ = {isa = PBXBuildFile; fileRef = A73D0550E5419315AC3EF31C /* meditation_breath.mp3 */; };
		6C6BFD554BE349F4E383C0B6 /* StoryLibraryView.swift in Sources */ = {isa = PBXBuildFile; fileRef = C9DD5A68B9B05B58B259B9D7 /* StoryLibraryView.swift */; };
		6FF8FBA63AE2D7D0FD1F4214 /* SoundLibrary.swift in Sources */ = {isa = PBXBuildFile; fileRef = B8A2051C42B066F062576332 /* SoundLibrary.swift */; };
		716A281A74D8EA05254F2A02 /* AudioVisualizerService.swift in Sources */ = {isa = PBXBuildFile; fileRef = 868AC35AFA0272E6379EFF06 /* AudioVisualizerService.swift */; };
		73DE5F7BB6F6686ACAFE86BE /* BreathViewModel.swift in Sources */ = {isa = PBXBuildFile; fileRef = C99A354C1016842D99F1ADA0 /* BreathViewModel.swift */; };
		7400C6E524757108D8DB71FC /* ai_car_rain.mp3 in Resources */ = {isa = PBXBuildFile; fileRef = C66FA3368B0DB7415D61AE8B /* ai_car_rain.mp3 */; };
		761FEDC9D839DB12F889E3D0 /* ai_roof_rain.mp3 in Resources */ = {isa = PBXBuildFile; fileRef = A44F4F7FEB1999F8C8DF13AE /* ai_roof_rain.mp3 */; };
		775B09C608F3E27383223A9F /* ai_stream_flow.mp3 in Resources */ = {isa = PBXBuildFile; fileRef = E57CB6060B9126E492EEE982 /* ai_stream_flow.mp3 */; };
		7A6AC4E8F13DEB0741A854C7 /* SleepTimer.swift in Sources */ = {isa = PBXBuildFile; fileRef = 2CA089EE214C9919718FBE61 /* SleepTimer.swift */; };
		7E61860A29F36DBEB00DDF73 /* AudioVisualizerView.swift in Sources */ = {isa = PBXBuildFile; fileRef = BA61CB7EA8699FE28170446B /* AudioVisualizerView.swift */; };
		81BF57499037809A7622321B /* AudioService.swift in Sources */ = {isa = PBXBuildFile; fileRef = B99AA12AED0CD184FD50991A /* AudioService.swift */; };
		8BC3604F78E9C3E350CC297B /* ai_waterfall.mp3 in Resources */ = {isa = PBXBuildFile; fileRef = D50004F277CE66A847926E72 /* ai_waterfall.mp3 */; };
		9A5639F8CA71B63443707E47 /* TimerControlView.swift in Sources */ = {isa = PBXBuildFile; fileRef = 5A01270434FA0A5EA064CCD7 /* TimerControlView.swift */; };
		A0B13C95D7FB2B10CFC70EE3 /* EmptyStateView.swift in Sources */ = {isa = PBXBuildFile; fileRef = 810B372808EBBAAD1AE0B63D /* EmptyStateView.swift */; };
		A0C031E357AECB130030D63F /* MixPreset.swift in Sources */ = {isa = PBXBuildFile; fileRef = E5F92A75918A217703E2DD24 /* MixPreset.swift */; };
		A1005343114A020D75B67BA2 /* MixPreset.swift in Sources */ = {isa = PBXBuildFile; fileRef = E5F92A75918A217703E2DD24 /* MixPreset.swift */; };
		AA240F34CA8B465A60936CCE /* ai_underwater_piano.mp3 in Resources */ = {isa = PBXBuildFile; fileRef = 40207D90B103FAE1E83BA696 /* ai_underwater_piano.mp3 */; };
		AD5D70EB06452A16E08E3B14 /* story_star.mp3 in Resources */ = {isa = PBXBuildFile; fileRef = 7882500A4F7982A5C3A4B010 /* story_star.mp3 */; };
		AE598264F5ABAAA98B122007 /* StatsView.swift in Sources */ = {isa = PBXBuildFile; fileRef = AC1F3A4A4738FB8ED83731F4 /* StatsView.swift */; };
		AE5F5BBCB91D8FD32471751A /* story_cloud.mp3 in Resources */ = {isa = PBXBuildFile; fileRef = 67BC597BD96BCA823998C355 /* story_cloud.mp3 */; };
		B5D604B687B42C589A11D8F1 /* ContentView.swift in Sources */ = {isa = PBXBuildFile; fileRef = C87F320BA273676D0C4F85AA /* ContentView.swift */; };
		B665F0B683108412281BF63D /* IntentBridge.swift in Sources */ = {isa = PBXBuildFile; fileRef = C1C68977245FFDCA99A0AA0B /* IntentBridge.swift */; };
		B74F03A4D0BAF0CA6782347E /* ReminderService.swift in Sources */ = {isa = PBXBuildFile; fileRef = 113AB0E8B6009176E39AA2EC /* ReminderService.swift */; };
		BFF591CE561BEA9B17A83E85 /* NoiseGenerator.swift in Sources */ = {isa = PBXBuildFile; fileRef = E938E643F0D74FC827830370 /* NoiseGenerator.swift */; };
		C4D6BFF5170A0CC53E610E43 /* ai_rain_light.mp3 in Resources */ = {isa = PBXBuildFile; fileRef = E94F17AE68EAF7CF2C658AF5 /* ai_rain_light.mp3 */; };
		CA7C4E33013142A45E9F2264 /* ai_heartbeat.mp3 in Resources */ = {isa = PBXBuildFile; fileRef = 959EA267461A59A521525C76 /* ai_heartbeat.mp3 */; };
		CBEB25185B5D33709C732A84 /* ai_fan_hum.mp3 in Resources */ = {isa = PBXBuildFile; fileRef = 8E92AF536DD0EEEDBC757A24 /* ai_fan_hum.mp3 */; };
		D2BB3212783C259121F41BF0 /* SleepTimerTests.swift in Sources */ = {isa = PBXBuildFile; fileRef = 9E008D8EFC8B6FBA65826997 /* SleepTimerTests.swift */; };
		DC810224987410215BB4E1C7 /* ai_bamboo_wind.mp3 in Resources */ = {isa = PBXBuildFile; fileRef = 8279917F3EBDD188F529890F /* ai_bamboo_wind.mp3 */; };
		DCE73DE29A794079E1A329DB /* SoundPlayerViewModel.swift in Sources */ = {isa = PBXBuildFile; fileRef = 24AF58F6D76DC20EC504ECE7 /* SoundPlayerViewModel.swift */; };
		DF7DA69EB4CEC3CADC8A3505 /* StoryPlayerView.swift in Sources */ = {isa = PBXBuildFile; fileRef = FCD42036CE57E6A3F79EC3E8 /* StoryPlayerView.swift */; };
		E004570C9112867325B92892 /* UnhurryWidgetBundle.swift in Sources */ = {isa = PBXBuildFile; fileRef = AE6486131EB1821BD42E1000 /* UnhurryWidgetBundle.swift */; };
		E8B32C72C56F054C16CE77F5 /* SettingsView.swift in Sources */ = {isa = PBXBuildFile; fileRef = 7E3F86FFB50D9E0105674597 /* SettingsView.swift */; };
		E98CA9F447F40850356A31B0 /* RitualPresetView.swift in Sources */ = {isa = PBXBuildFile; fileRef = 2DADEE17EDBE5C031D19AF5C /* RitualPresetView.swift */; };
		EAC53A340D8B286CFE936189 /* story_moon.mp3 in Resources */ = {isa = PBXBuildFile; fileRef = B968C4C9B86A61105AE63C69 /* story_moon.mp3 */; };
		EB310644D6DA74A14FEDBAE7 /* AppDelegate.swift in Sources */ = {isa = PBXBuildFile; fileRef = 1F61AAF460487502E4A34E9E /* AppDelegate.swift */; };
		EF82287EF46398A5A9959351 /* UnhurryWidget.appex in Embed Foundation Extensions */ = {isa = PBXBuildFile; fileRef = 71BC4DC56E615EBC7D334DBF /* UnhurryWidget.appex */; settings = {ATTRIBUTES = (RemoveHeadersOnCopy, ); }; };
		F48AA7D394B13977F04AD1D7 /* SleepRitual.swift in Sources */ = {isa = PBXBuildFile; fileRef = E7AF920E1A848451E2182E39 /* SleepRitual.swift */; };
		F9BA4D7D71D06040FAE1D845 /* RitualBuilderView.swift in Sources */ = {isa = PBXBuildFile; fileRef = 48F0B017BA2FE8DBB7812601 /* RitualBuilderView.swift */; };
		FC704B0CECB1EB35C744CA26 /* UnhurryWidget.swift in Sources */ = {isa = PBXBuildFile; fileRef = 5AFC8C6640DEB7B1B58AED49 /* UnhurryWidget.swift */; };
		FE6DA940F4572A015EA10CC6 /* ai_guqin.mp3 in Resources */ = {isa = PBXBuildFile; fileRef = 5B05B7B86BA32D52B515469F /* ai_guqin.mp3 */; };
		FF82AD831A5A14FCAD33055B /* ai_music_box.mp3 in Resources */ = {isa = PBXBuildFile; fileRef = D6B3E232CDDE200450136FBE /* ai_music_box.mp3 */; };
/* End PBXBuildFile section */

/* Begin PBXContainerItemProxy section */
		2D56130E7A8D09FA672677A4 /* PBXContainerItemProxy */ = {
			isa = PBXContainerItemProxy;
			containerPortal = BBC4C593F8EFBA39FE96258F /* Project object */;
			proxyType = 1;
			remoteGlobalIDString = 2F80AF7AAC940B5DA840ECFA;
			remoteInfo = Unhurry;
		};
		DBA35A300C3E944C9B6DB40C /* PBXContainerItemProxy */ = {
			isa = PBXContainerItemProxy;
			containerPortal = BBC4C593F8EFBA39FE96258F /* Project object */;
			proxyType = 1;
			remoteGlobalIDString = A38E8714E8DC49E860A5B5E7;
			remoteInfo = UnhurryWidget;
		};
/* End PBXContainerItemProxy section */

/* Begin PBXCopyFilesBuildPhase section */
		C97C0B9ADB0E5D1AF1016573 /* Embed Foundation Extensions */ = {
			isa = PBXCopyFilesBuildPhase;
			buildActionMask = 2147483647;
			dstPath = "";
			dstSubfolderSpec = 13;
			files = (
				EF82287EF46398A5A9959351 /* UnhurryWidget.appex in Embed Foundation Extensions */,
			);
			name = "Embed Foundation Extensions";
			runOnlyForDeploymentPostprocessing = 0;
		};
/* End PBXCopyFilesBuildPhase section */

/* Begin PBXFileReference section */
		0037A6621FC4FE1655D31857 /* meditation_body_scan.mp3 */ = {isa = PBXFileReference; lastKnownFileType = audio.mp3; path = meditation_body_scan.mp3; sourceTree = "<group>"; };
		040F535724712AE0F15D4A9F /* SoundLibraryView.swift */ = {isa = PBXFileReference; lastKnownFileType = sourcecode.swift; path = SoundLibraryView.swift; sourceTree = "<group>"; };
		047460CE2902E8B1EED13C23 /* meditation_gratitude.mp3 */ = {isa = PBXFileReference; lastKnownFileType = audio.mp3; path = meditation_gratitude.mp3; sourceTree = "<group>"; };
		07ABF7D45EF0CD927B9527F9 /* StoryPlayerViewModel.swift */ = {isa = PBXFileReference; lastKnownFileType = sourcecode.swift; path = StoryPlayerViewModel.swift; sourceTree = "<group>"; };
		0DE8A71CFC81B58BA87B9B70 /* ActiveMixerPanel.swift */ = {isa = PBXFileReference; lastKnownFileType = sourcecode.swift; path = ActiveMixerPanel.swift; sourceTree = "<group>"; };
		113AB0E8B6009176E39AA2EC /* ReminderService.swift */ = {isa = PBXFileReference; lastKnownFileType = sourcecode.swift; path = ReminderService.swift; sourceTree = "<group>"; };
		1F61AAF460487502E4A34E9E /* AppDelegate.swift */ = {isa = PBXFileReference; lastKnownFileType = sourcecode.swift; path = AppDelegate.swift; sourceTree = "<group>"; };
		21FBD5F3F64086E990EBD598 /* Info.plist */ = {isa = PBXFileReference; lastKnownFileType = text.plist; path = Info.plist; sourceTree = "<group>"; };
		24AF58F6D76DC20EC504ECE7 /* SoundPlayerViewModel.swift */ = {isa = PBXFileReference; lastKnownFileType = sourcecode.swift; path = SoundPlayerViewModel.swift; sourceTree = "<group>"; };
		250A88BFB8C7285364457908 /* Theme.swift */ = {isa = PBXFileReference; lastKnownFileType = sourcecode.swift; path = Theme.swift; sourceTree = "<group>"; };
		2CA089EE214C9919718FBE61 /* SleepTimer.swift */ = {isa = PBXFileReference; lastKnownFileType = sourcecode.swift; path = SleepTimer.swift; sourceTree = "<group>"; };
		2DADEE17EDBE5C031D19AF5C /* RitualPresetView.swift */ = {isa = PBXFileReference; lastKnownFileType = sourcecode.swift; path = RitualPresetView.swift; sourceTree = "<group>"; };
		32E332F16A2F6A35FFEE1649 /* NoiseGeneratorTests.swift */ = {isa = PBXFileReference; lastKnownFileType = sourcecode.swift; path = NoiseGeneratorTests.swift; sourceTree = "<group>"; };
		37B4468A9CE3DA708AF0D18B /* Info.plist */ = {isa = PBXFileReference; lastKnownFileType = text.plist; path = Info.plist; sourceTree = "<group>"; };
		3DDF1596B86A5B25702FE6C5 /* StartSleepIntent.swift */ = {isa = PBXFileReference; lastKnownFileType = sourcecode.swift; path = StartSleepIntent.swift; sourceTree = "<group>"; };
		40207D90B103FAE1E83BA696 /* ai_underwater_piano.mp3 */ = {isa = PBXFileReference; lastKnownFileType = audio.mp3; path = ai_underwater_piano.mp3; sourceTree = "<group>"; };
		43DC6A0C34F40BB2DA5C2A82 /* SleepRitualViewModel.swift */ = {isa = PBXFileReference; lastKnownFileType = sourcecode.swift; path = SleepRitualViewModel.swift; sourceTree = "<group>"; };
		48F0B017BA2FE8DBB7812601 /* RitualBuilderView.swift */ = {isa = PBXFileReference; lastKnownFileType = sourcecode.swift; path = RitualBuilderView.swift; sourceTree = "<group>"; };
		4B879FB9BDE56B91A200F43C /* Assets.xcassets */ = {isa = PBXFileReference; lastKnownFileType = folder.assetcatalog; path = Assets.xcassets; sourceTree = "<group>"; };
		4C7756D98C241798772FF113 /* UnhurryApp.swift */ = {isa = PBXFileReference; lastKnownFileType = sourcecode.swift; path = UnhurryApp.swift; sourceTree = "<group>"; };
		4D947FF652F559C59AAE0E13 /* Base */ = {isa = PBXFileReference; lastKnownFileType = file.storyboard; name = Base; path = Base.lproj/LaunchScreen.storyboard; sourceTree = "<group>"; };
		4F39D35817FEA9542134AF57 /* UsageTracker.swift */ = {isa = PBXFileReference; lastKnownFileType = sourcecode.swift; path = UsageTracker.swift; sourceTree = "<group>"; };
		57782B46D242303E244A21FD /* SoundTrack.swift */ = {isa = PBXFileReference; lastKnownFileType = sourcecode.swift; path = SoundTrack.swift; sourceTree = "<group>"; };
		5A01270434FA0A5EA064CCD7 /* TimerControlView.swift */ = {isa = PBXFileReference; lastKnownFileType = sourcecode.swift; path = TimerControlView.swift; sourceTree = "<group>"; };
		5AFC8C6640DEB7B1B58AED49 /* UnhurryWidget.swift */ = {isa = PBXFileReference; lastKnownFileType = sourcecode.swift; path = UnhurryWidget.swift; sourceTree = "<group>"; };
		5B05B7B86BA32D52B515469F /* ai_guqin.mp3 */ = {isa = PBXFileReference; lastKnownFileType = audio.mp3; path = ai_guqin.mp3; sourceTree = "<group>"; };
		67BC597BD96BCA823998C355 /* story_cloud.mp3 */ = {isa = PBXFileReference; lastKnownFileType = audio.mp3; path = story_cloud.mp3; sourceTree = "<group>"; };
		71BC4DC56E615EBC7D334DBF /* UnhurryWidget.appex */ = {isa = PBXFileReference; includeInIndex = 0; lastKnownFileType = "wrapper.app-extension"; path = UnhurryWidget.appex; sourceTree = BUILT_PRODUCTS_DIR; };
		739955C1C5175900D9A178B8 /* UnhurryWidget.entitlements */ = {isa = PBXFileReference; lastKnownFileType = text.plist.entitlements; path = UnhurryWidget.entitlements; sourceTree = "<group>"; };
		7793C6014D15145DD8DFD6F7 /* ai_ocean_calm.mp3 */ = {isa = PBXFileReference; lastKnownFileType = audio.mp3; path = ai_ocean_calm.mp3; sourceTree = "<group>"; };
		7882500A4F7982A5C3A4B010 /* story_star.mp3 */ = {isa = PBXFileReference; lastKnownFileType = audio.mp3; path = story_star.mp3; sourceTree = "<group>"; };
		7D6C0D44EB0FF32C5FF82A7F /* ai_summer_bugs.mp3 */ = {isa = PBXFileReference; lastKnownFileType = audio.mp3; path = ai_summer_bugs.mp3; sourceTree = "<group>"; };
		7E3F86FFB50D9E0105674597 /* SettingsView.swift */ = {isa = PBXFileReference; lastKnownFileType = sourcecode.swift; path = SettingsView.swift; sourceTree = "<group>"; };
		810B372808EBBAAD1AE0B63D /* EmptyStateView.swift */ = {isa = PBXFileReference; lastKnownFileType = sourcecode.swift; path = EmptyStateView.swift; sourceTree = "<group>"; };
		8279917F3EBDD188F529890F /* ai_bamboo_wind.mp3 */ = {isa = PBXFileReference; lastKnownFileType = audio.mp3; path = ai_bamboo_wind.mp3; sourceTree = "<group>"; };
		82C93DFE4160299996992522 /* Provider.swift */ = {isa = PBXFileReference; lastKnownFileType = sourcecode.swift; path = Provider.swift; sourceTree = "<group>"; };
		835AC1F2F44DBCE94A633AA5 /* TimerViewModel.swift */ = {isa = PBXFileReference; lastKnownFileType = sourcecode.swift; path = TimerViewModel.swift; sourceTree = "<group>"; };
		858D27EB4FF16FD5260FDD56 /* AudioServiceTests.swift */ = {isa = PBXFileReference; lastKnownFileType = sourcecode.swift; path = AudioServiceTests.swift; sourceTree = "<group>"; };
		868AC35AFA0272E6379EFF06 /* AudioVisualizerService.swift */ = {isa = PBXFileReference; lastKnownFileType = sourcecode.swift; path = AudioVisualizerService.swift; sourceTree = "<group>"; };
		88E938D694A5DC47E368A903 /* ai_deep_space.mp3 */ = {isa = PBXFileReference; lastKnownFileType = audio.mp3; path = ai_deep_space.mp3; sourceTree = "<group>"; };
		8E92AF536DD0EEEDBC757A24 /* ai_fan_hum.mp3 */ = {isa = PBXFileReference; lastKnownFileType = audio.mp3; path = ai_fan_hum.mp3; sourceTree = "<group>"; };
		90C8B4F64CAEBA198F828FA7 /* Unhurry.app */ = {isa = PBXFileReference; includeInIndex = 0; lastKnownFileType = wrapper.application; path = Unhurry.app; sourceTree = BUILT_PRODUCTS_DIR; };
		90EAA94B254BC982B22A9CD8 /* ai_forest_night.mp3 */ = {isa = PBXFileReference; lastKnownFileType = audio.mp3; path = ai_forest_night.mp3; sourceTree = "<group>"; };
		931B27D89BDC736DB9CBE1D1 /* UnhurryTests.xctest */ = {isa = PBXFileReference; includeInIndex = 0; lastKnownFileType = wrapper.cfbundle; path = UnhurryTests.xctest; sourceTree = BUILT_PRODUCTS_DIR; };
		959EA267461A59A521525C76 /* ai_heartbeat.mp3 */ = {isa = PBXFileReference; lastKnownFileType = audio.mp3; path = ai_heartbeat.mp3; sourceTree = "<group>"; };
		9880534B98849A2B45681C69 /* ai_thunder_slow.mp3 */ = {isa = PBXFileReference; lastKnownFileType = audio.mp3; path = ai_thunder_slow.mp3; sourceTree = "<group>"; };
		9E008D8EFC8B6FBA65826997 /* SleepTimerTests.swift */ = {isa = PBXFileReference; lastKnownFileType = sourcecode.swift; path = SleepTimerTests.swift; sourceTree = "<group>"; };
		A44F4F7FEB1999F8C8DF13AE /* ai_roof_rain.mp3 */ = {isa = PBXFileReference; lastKnownFileType = audio.mp3; path = ai_roof_rain.mp3; sourceTree = "<group>"; };
		A4A804160ED82C06AAA3C829 /* AudioSessionManager.swift */ = {isa = PBXFileReference; lastKnownFileType = sourcecode.swift; path = AudioSessionManager.swift; sourceTree = "<group>"; };
		A73D0550E5419315AC3EF31C /* meditation_breath.mp3 */ = {isa = PBXFileReference; lastKnownFileType = audio.mp3; path = meditation_breath.mp3; sourceTree = "<group>"; };
		AAD2158E63E1C70905DC9358 /* TTSService.swift */ = {isa = PBXFileReference; lastKnownFileType = sourcecode.swift; path = TTSService.swift; sourceTree = "<group>"; };
		AC1F3A4A4738FB8ED83731F4 /* StatsView.swift */ = {isa = PBXFileReference; lastKnownFileType = sourcecode.swift; path = StatsView.swift; sourceTree = "<group>"; };
		AE6486131EB1821BD42E1000 /* UnhurryWidgetBundle.swift */ = {isa = PBXFileReference; lastKnownFileType = sourcecode.swift; path = UnhurryWidgetBundle.swift; sourceTree = "<group>"; };
		B8A2051C42B066F062576332 /* SoundLibrary.swift */ = {isa = PBXFileReference; lastKnownFileType = sourcecode.swift; path = SoundLibrary.swift; sourceTree = "<group>"; };
		B968C4C9B86A61105AE63C69 /* story_moon.mp3 */ = {isa = PBXFileReference; lastKnownFileType = audio.mp3; path = story_moon.mp3; sourceTree = "<group>"; };
		B99AA12AED0CD184FD50991A /* AudioService.swift */ = {isa = PBXFileReference; lastKnownFileType = sourcecode.swift; path = AudioService.swift; sourceTree = "<group>"; };
		BA61CB7EA8699FE28170446B /* AudioVisualizerView.swift */ = {isa = PBXFileReference; lastKnownFileType = sourcecode.swift; path = AudioVisualizerView.swift; sourceTree = "<group>"; };
		BDCEBC5CFAABCB31DD3BB7A4 /* Unhurry.entitlements */ = {isa = PBXFileReference; lastKnownFileType = text.plist.entitlements; path = Unhurry.entitlements; sourceTree = "<group>"; };
		C0158939461D8D2BADC60684 /* AudioTestHelpers.swift */ = {isa = PBXFileReference; lastKnownFileType = sourcecode.swift; path = AudioTestHelpers.swift; sourceTree = "<group>"; };
		C183323AD91CDB137F7C4061 /* AVAudioPCMBuffer+TestTone.swift */ = {isa = PBXFileReference; lastKnownFileType = sourcecode.swift; path = "AVAudioPCMBuffer+TestTone.swift"; sourceTree = "<group>"; };
		C1C68977245FFDCA99A0AA0B /* IntentBridge.swift */ = {isa = PBXFileReference; lastKnownFileType = sourcecode.swift; path = IntentBridge.swift; sourceTree = "<group>"; };
		C66FA3368B0DB7415D61AE8B /* ai_car_rain.mp3 */ = {isa = PBXFileReference; lastKnownFileType = audio.mp3; path = ai_car_rain.mp3; sourceTree = "<group>"; };
		C87F320BA273676D0C4F85AA /* ContentView.swift */ = {isa = PBXFileReference; lastKnownFileType = sourcecode.swift; path = ContentView.swift; sourceTree = "<group>"; };
		C8CBD8D68816F96F8D229C1E /* SleepRitualView.swift */ = {isa = PBXFileReference; lastKnownFileType = sourcecode.swift; path = SleepRitualView.swift; sourceTree = "<group>"; };
		C99A354C1016842D99F1ADA0 /* BreathViewModel.swift */ = {isa = PBXFileReference; lastKnownFileType = sourcecode.swift; path = BreathViewModel.swift; sourceTree = "<group>"; };
		C9DD5A68B9B05B58B259B9D7 /* StoryLibraryView.swift */ = {isa = PBXFileReference; lastKnownFileType = sourcecode.swift; path = StoryLibraryView.swift; sourceTree = "<group>"; };
		CA23C3D196B84ECBA66F19FD /* StoryItem.swift */ = {isa = PBXFileReference; lastKnownFileType = sourcecode.swift; path = StoryItem.swift; sourceTree = "<group>"; };
		CC0C0551B380A83704FDC47F /* HealthService.swift */ = {isa = PBXFileReference; lastKnownFileType = sourcecode.swift; path = HealthService.swift; sourceTree = "<group>"; };
		CC25B5BDB06926870A38BBB3 /* StopAllSoundsIntent.swift */ = {isa = PBXFileReference; lastKnownFileType = sourcecode.swift; path = StopAllSoundsIntent.swift; sourceTree = "<group>"; };
		CD4D90D3BA990CDA0619CE4A /* AudioServiceProtocol.swift */ = {isa = PBXFileReference; lastKnownFileType = sourcecode.swift; path = AudioServiceProtocol.swift; sourceTree = "<group>"; };
		D322D91DC77E81F92530A4E2 /* ai_fire_camp.mp3 */ = {isa = PBXFileReference; lastKnownFileType = audio.mp3; path = ai_fire_camp.mp3; sourceTree = "<group>"; };
		D40F315FF90B37EDF96FE226 /* .gitkeep */ = {isa = PBXFileReference; path = .gitkeep; sourceTree = "<group>"; };
		D46190D64BB6C27C5EF2138F /* ai_singing_bowl.mp3 */ = {isa = PBXFileReference; lastKnownFileType = audio.mp3; path = ai_singing_bowl.mp3; sourceTree = "<group>"; };
		D4C1732DB1639B42A19CE19B /* ai_cello_nocturne.mp3 */ = {isa = PBXFileReference; lastKnownFileType = audio.mp3; path = ai_cello_nocturne.mp3; sourceTree = "<group>"; };
		D50004F277CE66A847926E72 /* ai_waterfall.mp3 */ = {isa = PBXFileReference; lastKnownFileType = audio.mp3; path = ai_waterfall.mp3; sourceTree = "<group>"; };
		D6B3E232CDDE200450136FBE /* ai_music_box.mp3 */ = {isa = PBXFileReference; lastKnownFileType = audio.mp3; path = ai_music_box.mp3; sourceTree = "<group>"; };
		DDDC4569646AC2755F8897B8 /* NowPlayingController.swift */ = {isa = PBXFileReference; lastKnownFileType = sourcecode.swift; path = NowPlayingController.swift; sourceTree = "<group>"; };
		E01DF2DEB9BA6E75BA0C612C /* SoundCategory.swift */ = {isa = PBXFileReference; lastKnownFileType = sourcecode.swift; path = SoundCategory.swift; sourceTree = "<group>"; };
		E57CB6060B9126E492EEE982 /* ai_stream_flow.mp3 */ = {isa = PBXFileReference; lastKnownFileType = audio.mp3; path = ai_stream_flow.mp3; sourceTree = "<group>"; };
		E5F92A75918A217703E2DD24 /* MixPreset.swift */ = {isa = PBXFileReference; lastKnownFileType = sourcecode.swift; path = MixPreset.swift; sourceTree = "<group>"; };
		E7AF920E1A848451E2182E39 /* SleepRitual.swift */ = {isa = PBXFileReference; lastKnownFileType = sourcecode.swift; path = SleepRitual.swift; sourceTree = "<group>"; };
		E938E643F0D74FC827830370 /* NoiseGenerator.swift */ = {isa = PBXFileReference; lastKnownFileType = sourcecode.swift; path = NoiseGenerator.swift; sourceTree = "<group>"; };
		E94F17AE68EAF7CF2C658AF5 /* ai_rain_light.mp3 */ = {isa = PBXFileReference; lastKnownFileType = audio.mp3; path = ai_rain_light.mp3; sourceTree = "<group>"; };
		EC95D77677DF701ED1E012E3 /* BreathView.swift */ = {isa = PBXFileReference; lastKnownFileType = sourcecode.swift; path = BreathView.swift; sourceTree = "<group>"; };
		FAC790A9085FC323462FAE65 /* ai_wind_breeze.mp3 */ = {isa = PBXFileReference; lastKnownFileType = audio.mp3; path = ai_wind_breeze.mp3; sourceTree = "<group>"; };
		FCD42036CE57E6A3F79EC3E8 /* StoryPlayerView.swift */ = {isa = PBXFileReference; lastKnownFileType = sourcecode.swift; path = StoryPlayerView.swift; sourceTree = "<group>"; };
/* End PBXFileReference section */

/* Begin PBXGroup section */
		1E1FC264BB7F023710C9F89C /* Extensions */ = {
			isa = PBXGroup;
			children = (
				C183323AD91CDB137F7C4061 /* AVAudioPCMBuffer+TestTone.swift */,
			);
			path = Extensions;
			sourceTree = "<group>";
		};
		3574DDA8F0DE50EED316B507 /* Sounds */ = {
			isa = PBXGroup;
			children = (
				0DE8A71CFC81B58BA87B9B70 /* ActiveMixerPanel.swift */,
				BA61CB7EA8699FE28170446B /* AudioVisualizerView.swift */,
				040F535724712AE0F15D4A9F /* SoundLibraryView.swift */,
			);
			path = Sounds;
			sourceTree = "<group>";
		};
		36781F50E02DA53BE0E28E5C /* Unhurry */ = {
			isa = PBXGroup;
			children = (
				4B879FB9BDE56B91A200F43C /* Assets.xcassets */,
				37B4468A9CE3DA708AF0D18B /* Info.plist */,
				BDCEBC5CFAABCB31DD3BB7A4 /* Unhurry.entitlements */,
				7E64A16D2FD0694CD17D124C /* App */,
				1E1FC264BB7F023710C9F89C /* Extensions */,
				B987ECABF22672533ADD08E3 /* Intents */,
				B5FF3104E99E6692474E3D95 /* LaunchScreen.storyboard */,
				D2AAC17683E94387AD2816D9 /* Models */,
				A01E44ADEC27FAEDD6ABA974 /* Resources */,
				63C9E86FB5168580A8F177B7 /* Services */,
				6B0B49BB5BDAA92CCB8D8C87 /* Theme */,
				80B18DD3BBBA2B0301C8F737 /* ViewModels */,
				90E27E9414ED8F097EC8F738 /* Views */,
			);
			path = Unhurry;
			sourceTree = "<group>";
		};
		3D9263020239E8C190942C7D = {
			isa = PBXGroup;
			children = (
				36781F50E02DA53BE0E28E5C /* Unhurry */,
				66488D3B295CC51E2DA1BFBD /* UnhurryTests */,
				3E1267470D979DDA119CE4F6 /* UnhurryWidget */,
				782E0ED15FD26FD95CE8C2F2 /* Products */,
			);
			sourceTree = "<group>";
		};
		3E1267470D979DDA119CE4F6 /* UnhurryWidget */ = {
			isa = PBXGroup;
			children = (
				21FBD5F3F64086E990EBD598 /* Info.plist */,
				82C93DFE4160299996992522 /* Provider.swift */,
				739955C1C5175900D9A178B8 /* UnhurryWidget.entitlements */,
				5AFC8C6640DEB7B1B58AED49 /* UnhurryWidget.swift */,
				AE6486131EB1821BD42E1000 /* UnhurryWidgetBundle.swift */,
			);
			path = UnhurryWidget;
			sourceTree = "<group>";
		};
		5C69B9496AD170CE08B83D30 /* TestHelpers */ = {
			isa = PBXGroup;
			children = (
				C0158939461D8D2BADC60684 /* AudioTestHelpers.swift */,
			);
			path = TestHelpers;
			sourceTree = "<group>";
		};
		63C9E86FB5168580A8F177B7 /* Services */ = {
			isa = PBXGroup;
			children = (
				B99AA12AED0CD184FD50991A /* AudioService.swift */,
				CD4D90D3BA990CDA0619CE4A /* AudioServiceProtocol.swift */,
				A4A804160ED82C06AAA3C829 /* AudioSessionManager.swift */,
				868AC35AFA0272E6379EFF06 /* AudioVisualizerService.swift */,
				CC0C0551B380A83704FDC47F /* HealthService.swift */,
				E938E643F0D74FC827830370 /* NoiseGenerator.swift */,
				DDDC4569646AC2755F8897B8 /* NowPlayingController.swift */,
				113AB0E8B6009176E39AA2EC /* ReminderService.swift */,
				2CA089EE214C9919718FBE61 /* SleepTimer.swift */,
				B8A2051C42B066F062576332 /* SoundLibrary.swift */,
				AAD2158E63E1C70905DC9358 /* TTSService.swift */,
				4F39D35817FEA9542134AF57 /* UsageTracker.swift */,
			);
			path = Services;
			sourceTree = "<group>";
		};
		66488D3B295CC51E2DA1BFBD /* UnhurryTests */ = {
			isa = PBXGroup;
			children = (
				ED4F5E381262A7D561B7C218 /* Services */,
				5C69B9496AD170CE08B83D30 /* TestHelpers */,
			);
			path = UnhurryTests;
			sourceTree = "<group>";
		};
		6B0B49BB5BDAA92CCB8D8C87 /* Theme */ = {
			isa = PBXGroup;
			children = (
				250A88BFB8C7285364457908 /* Theme.swift */,
			);
			path = Theme;
			sourceTree = "<group>";
		};
		74825DD188092B4980A5DBF5 /* Shared */ = {
			isa = PBXGroup;
			children = (
				810B372808EBBAAD1AE0B63D /* EmptyStateView.swift */,
			);
			path = Shared;
			sourceTree = "<group>";
		};
		775636A314569D3853AE2404 /* Breath */ = {
			isa = PBXGroup;
			children = (
				EC95D77677DF701ED1E012E3 /* BreathView.swift */,
			);
			path = Breath;
			sourceTree = "<group>";
		};
		782E0ED15FD26FD95CE8C2F2 /* Products */ = {
			isa = PBXGroup;
			children = (
				90C8B4F64CAEBA198F828FA7 /* Unhurry.app */,
				931B27D89BDC736DB9CBE1D1 /* UnhurryTests.xctest */,
				71BC4DC56E615EBC7D334DBF /* UnhurryWidget.appex */,
			);
			name = Products;
			sourceTree = "<group>";
		};
		7BD0A5AFD018AB5EE2D73386 /* Timer */ = {
			isa = PBXGroup;
			children = (
				5A01270434FA0A5EA064CCD7 /* TimerControlView.swift */,
			);
			path = Timer;
			sourceTree = "<group>";
		};
		7E64A16D2FD0694CD17D124C /* App */ = {
			isa = PBXGroup;
			children = (
				1F61AAF460487502E4A34E9E /* AppDelegate.swift */,
				4C7756D98C241798772FF113 /* UnhurryApp.swift */,
			);
			path = App;
			sourceTree = "<group>";
		};
		80B18DD3BBBA2B0301C8F737 /* ViewModels */ = {
			isa = PBXGroup;
			children = (
				C99A354C1016842D99F1ADA0 /* BreathViewModel.swift */,
				43DC6A0C34F40BB2DA5C2A82 /* SleepRitualViewModel.swift */,
				24AF58F6D76DC20EC504ECE7 /* SoundPlayerViewModel.swift */,
				07ABF7D45EF0CD927B9527F9 /* StoryPlayerViewModel.swift */,
				835AC1F2F44DBCE94A633AA5 /* TimerViewModel.swift */,
			);
			path = ViewModels;
			sourceTree = "<group>";
		};
		8274B0C2953BA51302257C43 /* Stats */ = {
			isa = PBXGroup;
			children = (
				AC1F3A4A4738FB8ED83731F4 /* StatsView.swift */,
			);
			path = Stats;
			sourceTree = "<group>";
		};
		90E27E9414ED8F097EC8F738 /* Views */ = {
			isa = PBXGroup;
			children = (
				C87F320BA273676D0C4F85AA /* ContentView.swift */,
				775636A314569D3853AE2404 /* Breath */,
				96896AC1A9E09D72B46E5DEF /* Ritual */,
				B17FE0D21700EB479976CB93 /* Settings */,
				74825DD188092B4980A5DBF5 /* Shared */,
				9904FAAD596019B7CDFF83CB /* SleepTracking */,
				3574DDA8F0DE50EED316B507 /* Sounds */,
				8274B0C2953BA51302257C43 /* Stats */,
				C47738C681E110DF16CB0C24 /* Stories */,
				7BD0A5AFD018AB5EE2D73386 /* Timer */,
			);
			path = Views;
			sourceTree = "<group>";
		};
		96896AC1A9E09D72B46E5DEF /* Ritual */ = {
			isa = PBXGroup;
			children = (
				48F0B017BA2FE8DBB7812601 /* RitualBuilderView.swift */,
				2DADEE17EDBE5C031D19AF5C /* RitualPresetView.swift */,
				C8CBD8D68816F96F8D229C1E /* SleepRitualView.swift */,
			);
			path = Ritual;
			sourceTree = "<group>";
		};
		9904FAAD596019B7CDFF83CB /* SleepTracking */ = {
			isa = PBXGroup;
			children = (
			);
			path = SleepTracking;
			sourceTree = "<group>";
		};
		A01E44ADEC27FAEDD6ABA974 /* Resources */ = {
			isa = PBXGroup;
			children = (
				D6728F5549366E18225D7E92 /* Audio */,
			);
			path = Resources;
			sourceTree = "<group>";
		};
		B17FE0D21700EB479976CB93 /* Settings */ = {
			isa = PBXGroup;
			children = (
				7E3F86FFB50D9E0105674597 /* SettingsView.swift */,
			);
			path = Settings;
			sourceTree = "<group>";
		};
		B987ECABF22672533ADD08E3 /* Intents */ = {
			isa = PBXGroup;
			children = (
				C1C68977245FFDCA99A0AA0B /* IntentBridge.swift */,
				3DDF1596B86A5B25702FE6C5 /* StartSleepIntent.swift */,
				CC25B5BDB06926870A38BBB3 /* StopAllSoundsIntent.swift */,
			);
			path = Intents;
			sourceTree = "<group>";
		};
		C47738C681E110DF16CB0C24 /* Stories */ = {
			isa = PBXGroup;
			children = (
				C9DD5A68B9B05B58B259B9D7 /* StoryLibraryView.swift */,
				FCD42036CE57E6A3F79EC3E8 /* StoryPlayerView.swift */,
			);
			path = Stories;
			sourceTree = "<group>";
		};
		D2AAC17683E94387AD2816D9 /* Models */ = {
			isa = PBXGroup;
			children = (
				E5F92A75918A217703E2DD24 /* MixPreset.swift */,
				E7AF920E1A848451E2182E39 /* SleepRitual.swift */,
				E01DF2DEB9BA6E75BA0C612C /* SoundCategory.swift */,
				57782B46D242303E244A21FD /* SoundTrack.swift */,
				CA23C3D196B84ECBA66F19FD /* StoryItem.swift */,
			);
			path = Models;
			sourceTree = "<group>";
		};
		D6728F5549366E18225D7E92 /* Audio */ = {
			isa = PBXGroup;
			children = (
				D40F315FF90B37EDF96FE226 /* .gitkeep */,
				8279917F3EBDD188F529890F /* ai_bamboo_wind.mp3 */,
				C66FA3368B0DB7415D61AE8B /* ai_car_rain.mp3 */,
				D4C1732DB1639B42A19CE19B /* ai_cello_nocturne.mp3 */,
				88E938D694A5DC47E368A903 /* ai_deep_space.mp3 */,
				8E92AF536DD0EEEDBC757A24 /* ai_fan_hum.mp3 */,
				D322D91DC77E81F92530A4E2 /* ai_fire_camp.mp3 */,
				90EAA94B254BC982B22A9CD8 /* ai_forest_night.mp3 */,
				5B05B7B86BA32D52B515469F /* ai_guqin.mp3 */,
				959EA267461A59A521525C76 /* ai_heartbeat.mp3 */,
				D6B3E232CDDE200450136FBE /* ai_music_box.mp3 */,
				7793C6014D15145DD8DFD6F7 /* ai_ocean_calm.mp3 */,
				E94F17AE68EAF7CF2C658AF5 /* ai_rain_light.mp3 */,
				A44F4F7FEB1999F8C8DF13AE /* ai_roof_rain.mp3 */,
				D46190D64BB6C27C5EF2138F /* ai_singing_bowl.mp3 */,
				E57CB6060B9126E492EEE982 /* ai_stream_flow.mp3 */,
				7D6C0D44EB0FF32C5FF82A7F /* ai_summer_bugs.mp3 */,
				9880534B98849A2B45681C69 /* ai_thunder_slow.mp3 */,
				40207D90B103FAE1E83BA696 /* ai_underwater_piano.mp3 */,
				D50004F277CE66A847926E72 /* ai_waterfall.mp3 */,
				FAC790A9085FC323462FAE65 /* ai_wind_breeze.mp3 */,
				0037A6621FC4FE1655D31857 /* meditation_body_scan.mp3 */,
				A73D0550E5419315AC3EF31C /* meditation_breath.mp3 */,
				047460CE2902E8B1EED13C23 /* meditation_gratitude.mp3 */,
				67BC597BD96BCA823998C355 /* story_cloud.mp3 */,
				B968C4C9B86A61105AE63C69 /* story_moon.mp3 */,
				7882500A4F7982A5C3A4B010 /* story_star.mp3 */,
			);
			path = Audio;
			sourceTree = "<group>";
		};
		ED4F5E381262A7D561B7C218 /* Services */ = {
			isa = PBXGroup;
			children = (
				858D27EB4FF16FD5260FDD56 /* AudioServiceTests.swift */,
				32E332F16A2F6A35FFEE1649 /* NoiseGeneratorTests.swift */,
				9E008D8EFC8B6FBA65826997 /* SleepTimerTests.swift */,
			);
			path = Services;
			sourceTree = "<group>";
		};
/* End PBXGroup section */

/* Begin PBXNativeTarget section */
		2F80AF7AAC940B5DA840ECFA /* Unhurry */ = {
			isa = PBXNativeTarget;
			buildConfigurationList = 91FAF0BEB7DD983F0DCD5DA0 /* Build configuration list for PBXNativeTarget "Unhurry" */;
			buildPhases = (
				19FD133D6FB6A9286E788F76 /* Sources */,
				90F53A951263D94DF47F1E4E /* Resources */,
				C97C0B9ADB0E5D1AF1016573 /* Embed Foundation Extensions */,
			);
			buildRules = (
			);
			dependencies = (
				2454DF4FCC81056B4BB93F35 /* PBXTargetDependency */,
			);
			name = Unhurry;
			packageProductDependencies = (
			);
			productName = Unhurry;
			productReference = 90C8B4F64CAEBA198F828FA7 /* Unhurry.app */;
			productType = "com.apple.product-type.application";
		};
		5DE898099C1718AA5A5715D7 /* UnhurryTests */ = {
			isa = PBXNativeTarget;
			buildConfigurationList = 9DD883643DE74912FC868914 /* Build configuration list for PBXNativeTarget "UnhurryTests" */;
			buildPhases = (
				C4590F818B11373FA3AC978D /* Sources */,
			);
			buildRules = (
			);
			dependencies = (
				20BBCF2C2247BEEEE009FB28 /* PBXTargetDependency */,
			);
			name = UnhurryTests;
			packageProductDependencies = (
			);
			productName = UnhurryTests;
			productReference = 931B27D89BDC736DB9CBE1D1 /* UnhurryTests.xctest */;
			productType = "com.apple.product-type.bundle.unit-test";
		};
		A38E8714E8DC49E860A5B5E7 /* UnhurryWidget */ = {
			isa = PBXNativeTarget;
			buildConfigurationList = AA50BC4D1B579EB3D42A33C5 /* Build configuration list for PBXNativeTarget "UnhurryWidget" */;
			buildPhases = (
				655EF7CD7F371B12C608C77D /* Sources */,
			);
			buildRules = (
			);
			dependencies = (
			);
			name = UnhurryWidget;
			packageProductDependencies = (
			);
			productName = UnhurryWidget;
			productReference = 71BC4DC56E615EBC7D334DBF /* UnhurryWidget.appex */;
			productType = "com.apple.product-type.app-extension";
		};
/* End PBXNativeTarget section */

/* Begin PBXProject section */
		BBC4C593F8EFBA39FE96258F /* Project object */ = {
			isa = PBXProject;
			attributes = {
				BuildIndependentTargetsInParallel = YES;
				LastUpgradeCheck = 1600;
				TargetAttributes = {
					2F80AF7AAC940B5DA840ECFA = {
						DevelopmentTeam = SJ8DC28NRH;
						ProvisioningStyle = Automatic;
					};
					5DE898099C1718AA5A5715D7 = {
						DevelopmentTeam = SJ8DC28NRH;
						ProvisioningStyle = Automatic;
					};
					A38E8714E8DC49E860A5B5E7 = {
						DevelopmentTeam = SJ8DC28NRH;
						ProvisioningStyle = Automatic;
					};
				};
			};
			buildConfigurationList = 8387040210A506E4A118FE87 /* Build configuration list for PBXProject "Unhurry" */;
			developmentRegion = en;
			hasScannedForEncodings = 0;
			knownRegions = (
				Base,
				en,
			);
			mainGroup = 3D9263020239E8C190942C7D;
			minimizedProjectReferenceProxies = 1;
			preferredProjectObjectVersion = 77;
			productRefGroup = 782E0ED15FD26FD95CE8C2F2 /* Products */;
			projectDirPath = "";
			projectRoot = "";
			targets = (
				2F80AF7AAC940B5DA840ECFA /* Unhurry */,
				5DE898099C1718AA5A5715D7 /* UnhurryTests */,
				A38E8714E8DC49E860A5B5E7 /* UnhurryWidget */,
			);
		};
/* End PBXProject section */

/* Begin PBXResourcesBuildPhase section */
		90F53A951263D94DF47F1E4E /* Resources */ = {
			isa = PBXResourcesBuildPhase;
			buildActionMask = 2147483647;
			files = (
				402EBBC3FB487EC1C1CC935B /* Assets.xcassets in Resources */,
				440912E136752167BD4424F3 /* LaunchScreen.storyboard in Resources */,
				DC810224987410215BB4E1C7 /* ai_bamboo_wind.mp3 in Resources */,
				7400C6E524757108D8DB71FC /* ai_car_rain.mp3 in Resources */,
				5CAEC717BBC325CF2CC51FB0 /* ai_cello_nocturne.mp3 in Resources */,
				623DD9A2D19F4C42DC971130 /* ai_deep_space.mp3 in Resources */,
				CBEB25185B5D33709C732A84 /* ai_fan_hum.mp3 in Resources */,
				0465A21EADB30A48FFC53332 /* ai_fire_camp.mp3 in Resources */,
				263975FE6C11A3D949CC27DE /* ai_forest_night.mp3 in Resources */,
				FE6DA940F4572A015EA10CC6 /* ai_guqin.mp3 in Resources */,
				CA7C4E33013142A45E9F2264 /* ai_heartbeat.mp3 in Resources */,
				FF82AD831A5A14FCAD33055B /* ai_music_box.mp3 in Resources */,
				22B4BA53606868F543D579A7 /* ai_ocean_calm.mp3 in Resources */,
				C4D6BFF5170A0CC53E610E43 /* ai_rain_light.mp3 in Resources */,
				761FEDC9D839DB12F889E3D0 /* ai_roof_rain.mp3 in Resources */,
				49B20054D2739E2DA6B69EAA /* ai_singing_bowl.mp3 in Resources */,
				775B09C608F3E27383223A9F /* ai_stream_flow.mp3 in Resources */,
				5B322632D63D150565504216 /* ai_summer_bugs.mp3 in Resources */,
				56DD3249478CC020D1132AB1 /* ai_thunder_slow.mp3 in Resources */,
				AA240F34CA8B465A60936CCE /* ai_underwater_piano.mp3 in Resources */,
				8BC3604F78E9C3E350CC297B /* ai_waterfall.mp3 in Resources */,
				024851B0C9E1314F96641B79 /* ai_wind_breeze.mp3 in Resources */,
				59B1B5D8CC3D24AC6277B5AE /* meditation_body_scan.mp3 in Resources */,
				6BD31B59FADFDEF0E9CD5379 /* meditation_breath.mp3 in Resources */,
				670E8EAF7B1732D21D3A9161 /* meditation_gratitude.mp3 in Resources */,
				AE5F5BBCB91D8FD32471751A /* story_cloud.mp3 in Resources */,
				EAC53A340D8B286CFE936189 /* story_moon.mp3 in Resources */,
				AD5D70EB06452A16E08E3B14 /* story_star.mp3 in Resources */,
			);
			runOnlyForDeploymentPostprocessing = 0;
		};
/* End PBXResourcesBuildPhase section */

/* Begin PBXSourcesBuildPhase section */
		19FD133D6FB6A9286E788F76 /* Sources */ = {
			isa = PBXSourcesBuildPhase;
			buildActionMask = 2147483647;
			files = (
				5503A6C9933137B0A762A469 /* AVAudioPCMBuffer+TestTone.swift in Sources */,
				1CF3BC208D145EAE7C3A9061 /* ActiveMixerPanel.swift in Sources */,
				EB310644D6DA74A14FEDBAE7 /* AppDelegate.swift in Sources */,
				81BF57499037809A7622321B /* AudioService.swift in Sources */,
				096F7FE1676A5E3658CB32C6 /* AudioServiceProtocol.swift in Sources */,
				30260D30BFA053C6EF5C8994 /* AudioSessionManager.swift in Sources */,
				716A281A74D8EA05254F2A02 /* AudioVisualizerService.swift in Sources */,
				7E61860A29F36DBEB00DDF73 /* AudioVisualizerView.swift in Sources */,
				30C4B90A75EEA049A81A549D /* BreathView.swift in Sources */,
				73DE5F7BB6F6686ACAFE86BE /* BreathViewModel.swift in Sources */,
				B5D604B687B42C589A11D8F1 /* ContentView.swift in Sources */,
				A0B13C95D7FB2B10CFC70EE3 /* EmptyStateView.swift in Sources */,
				39AC0E0205A6B994D5719739 /* HealthService.swift in Sources */,
				B665F0B683108412281BF63D /* IntentBridge.swift in Sources */,
				A1005343114A020D75B67BA2 /* MixPreset.swift in Sources */,
				BFF591CE561BEA9B17A83E85 /* NoiseGenerator.swift in Sources */,
				66104E54DD38A627694C27BE /* NowPlayingController.swift in Sources */,
				B74F03A4D0BAF0CA6782347E /* ReminderService.swift in Sources */,
				F9BA4D7D71D06040FAE1D845 /* RitualBuilderView.swift in Sources */,
				E98CA9F447F40850356A31B0 /* RitualPresetView.swift in Sources */,
				E8B32C72C56F054C16CE77F5 /* SettingsView.swift in Sources */,
				F48AA7D394B13977F04AD1D7 /* SleepRitual.swift in Sources */,
				20F03D554F27FFE4A58BCC8C /* SleepRitualView.swift in Sources */,
				27CE5DBB43212F0D4D2E5F02 /* SleepRitualViewModel.swift in Sources */,
				7A6AC4E8F13DEB0741A854C7 /* SleepTimer.swift in Sources */,
				43B877CC6599F09AF70D86EB /* SoundCategory.swift in Sources */,
				6FF8FBA63AE2D7D0FD1F4214 /* SoundLibrary.swift in Sources */,
				3818EA2B3F27110C51EFEE08 /* SoundLibraryView.swift in Sources */,
				DCE73DE29A794079E1A329DB /* SoundPlayerViewModel.swift in Sources */,
				427DF40E5BC7A06C78CA1F1F /* SoundTrack.swift in Sources */,
				1FF213A508F255662BBA3285 /* StartSleepIntent.swift in Sources */,
				AE598264F5ABAAA98B122007 /* StatsView.swift in Sources */,
				43F755F477336B5071E26538 /* StopAllSoundsIntent.swift in Sources */,
				2DDF6050F2EC4C6D3302A6A1 /* StoryItem.swift in Sources */,
				6C6BFD554BE349F4E383C0B6 /* StoryLibraryView.swift in Sources */,
				DF7DA69EB4CEC3CADC8A3505 /* StoryPlayerView.swift in Sources */,
				03ED113A61BF488B7817D84A /* StoryPlayerViewModel.swift in Sources */,
				25906405A2AF9850AD104F9B /* TTSService.swift in Sources */,
				5A300A8457191FA7A30A2740 /* Theme.swift in Sources */,
				9A5639F8CA71B63443707E47 /* TimerControlView.swift in Sources */,
				17CC7DEC9B1C03BA65FADC20 /* TimerViewModel.swift in Sources */,
				6A0323E57ADD3C50600F7952 /* UnhurryApp.swift in Sources */,
				4BCE66766B49EF59E66F2969 /* UsageTracker.swift in Sources */,
			);
			runOnlyForDeploymentPostprocessing = 0;
		};
		655EF7CD7F371B12C608C77D /* Sources */ = {
			isa = PBXSourcesBuildPhase;
			buildActionMask = 2147483647;
			files = (
				A0C031E357AECB130030D63F /* MixPreset.swift in Sources */,
				62EE4672E69F62E01C4503B8 /* Provider.swift in Sources */,
				FC704B0CECB1EB35C744CA26 /* UnhurryWidget.swift in Sources */,
				E004570C9112867325B92892 /* UnhurryWidgetBundle.swift in Sources */,
			);
			runOnlyForDeploymentPostprocessing = 0;
		};
		C4590F818B11373FA3AC978D /* Sources */ = {
			isa = PBXSourcesBuildPhase;
			buildActionMask = 2147483647;
			files = (
				5A639CC012C213E8C33041D0 /* AudioServiceTests.swift in Sources */,
				24C2E2A4D17F8A89EABA5AA1 /* AudioTestHelpers.swift in Sources */,
				42AD8B47405B93A92D233B42 /* NoiseGeneratorTests.swift in Sources */,
				D2BB3212783C259121F41BF0 /* SleepTimerTests.swift in Sources */,
			);
			runOnlyForDeploymentPostprocessing = 0;
		};
/* End PBXSourcesBuildPhase section */

/* Begin PBXTargetDependency section */
		20BBCF2C2247BEEEE009FB28 /* PBXTargetDependency */ = {
			isa = PBXTargetDependency;
			target = 2F80AF7AAC940B5DA840ECFA /* Unhurry */;
			targetProxy = 2D56130E7A8D09FA672677A4 /* PBXContainerItemProxy */;
		};
		2454DF4FCC81056B4BB93F35 /* PBXTargetDependency */ = {
			isa = PBXTargetDependency;
			target = A38E8714E8DC49E860A5B5E7 /* UnhurryWidget */;
			targetProxy = DBA35A300C3E944C9B6DB40C /* PBXContainerItemProxy */;
		};
/* End PBXTargetDependency section */

/* Begin PBXVariantGroup section */
		B5FF3104E99E6692474E3D95 /* LaunchScreen.storyboard */ = {
			isa = PBXVariantGroup;
			children = (
				4D947FF652F559C59AAE0E13 /* Base */,
			);
			name = LaunchScreen.storyboard;
			sourceTree = "<group>";
		};
/* End PBXVariantGroup section */

/* Begin XCBuildConfiguration section */
		00A4EE2ABF3BF245FB6610C9 /* Release */ = {
			isa = XCBuildConfiguration;
			buildSettings = {
				ASSETCATALOG_COMPILER_GLOBAL_ACCENT_COLOR_NAME = AccentColor;
				CODE_SIGN_ENTITLEMENTS = UnhurryWidget/UnhurryWidget.entitlements;
				CODE_SIGN_STYLE = Automatic;
				CURRENT_PROJECT_VERSION = 1;
				DEVELOPMENT_TEAM = SJ8DC28NRH;
				INFOPLIST_FILE = UnhurryWidget/Info.plist;
				IPHONEOS_DEPLOYMENT_TARGET = 18.0;
				LD_RUNPATH_SEARCH_PATHS = (
					"$(inherited)",
					"@executable_path/Frameworks",
					"@executable_path/../../Frameworks",
				);
				MARKETING_VERSION = 1.0;
				PRODUCT_BUNDLE_IDENTIFIER = com.gongdexin.paul.Unhurry.widget;
				SDKROOT = iphoneos;
				SKIP_INSTALL = YES;
				SWIFT_APPROACHABLE_CONCURRENCY = YES;
				SWIFT_VERSION = 5.0;
				TARGETED_DEVICE_FAMILY = "1,2";
			};
			name = Release;
		};
		0C70AAE3FCACA2B179D331E1 /* Debug */ = {
			isa = XCBuildConfiguration;
			buildSettings = {
				ALWAYS_SEARCH_USER_PATHS = NO;
				CLANG_ANALYZER_NONNULL = YES;
				CLANG_ANALYZER_NUMBER_OBJECT_CONVERSION = YES_AGGRESSIVE;
				CLANG_CXX_LANGUAGE_STANDARD = "gnu++14";
				CLANG_CXX_LIBRARY = "libc++";
				CLANG_ENABLE_MODULES = YES;
				CLANG_ENABLE_OBJC_ARC = YES;
				CLANG_ENABLE_OBJC_WEAK = YES;
				CLANG_WARN_BLOCK_CAPTURE_AUTORELEASING = YES;
				CLANG_WARN_BOOL_CONVERSION = YES;
				CLANG_WARN_COMMA = YES;
				CLANG_WARN_CONSTANT_CONVERSION = YES;
				CLANG_WARN_DEPRECATED_OBJC_IMPLEMENTATIONS = YES;
				CLANG_WARN_DIRECT_OBJC_ISA_USAGE = YES_ERROR;
				CLANG_WARN_DOCUMENTATION_COMMENTS = YES;
				CLANG_WARN_EMPTY_BODY = YES;
				CLANG_WARN_ENUM_CONVERSION = YES;
				CLANG_WARN_INFINITE_RECURSION = YES;
				CLANG_WARN_INT_CONVERSION = YES;
				CLANG_WARN_NON_LITERAL_NULL_CONVERSION = YES;
				CLANG_WARN_OBJC_IMPLICIT_RETAIN_SELF = YES;
				CLANG_WARN_OBJC_LITERAL_CONVERSION = YES;
				CLANG_WARN_OBJC_ROOT_CLASS = YES_ERROR;
				CLANG_WARN_QUOTED_INCLUDE_IN_FRAMEWORK_HEADER = YES;
				CLANG_WARN_RANGE_LOOP_ANALYSIS = YES;
				CLANG_WARN_STRICT_PROTOTYPES = YES;
				CLANG_WARN_SUSPICIOUS_MOVE = YES;
				CLANG_WARN_UNGUARDED_AVAILABILITY = YES_AGGRESSIVE;
				CLANG_WARN_UNREACHABLE_CODE = YES;
				CLANG_WARN__DUPLICATE_METHOD_MATCH = YES;
				COPY_PHASE_STRIP = NO;
				DEBUG_INFORMATION_FORMAT = dwarf;
				ENABLE_STRICT_OBJC_MSGSEND = YES;
				ENABLE_TESTABILITY = YES;
				GCC_C_LANGUAGE_STANDARD = gnu11;
				GCC_DYNAMIC_NO_PIC = NO;
				GCC_NO_COMMON_BLOCKS = YES;
				GCC_OPTIMIZATION_LEVEL = 0;
				GCC_PREPROCESSOR_DEFINITIONS = (
					"$(inherited)",
					"DEBUG=1",
				);
				GCC_WARN_64_TO_32_BIT_CONVERSION = YES;
				GCC_WARN_ABOUT_RETURN_TYPE = YES_ERROR;
				GCC_WARN_UNDECLARED_SELECTOR = YES;
				GCC_WARN_UNINITIALIZED_AUTOS = YES_AGGRESSIVE;
				GCC_WARN_UNUSED_FUNCTION = YES;
				GCC_WARN_UNUSED_VARIABLE = YES;
				IPHONEOS_DEPLOYMENT_TARGET = 18.0;
				MTL_ENABLE_DEBUG_INFO = INCLUDE_SOURCE;
				MTL_FAST_MATH = YES;
				ONLY_ACTIVE_ARCH = YES;
				PRODUCT_NAME = "$(TARGET_NAME)";
				SDKROOT = iphoneos;
				SWIFT_ACTIVE_COMPILATION_CONDITIONS = DEBUG;
				SWIFT_OPTIMIZATION_LEVEL = "-Onone";
				SWIFT_VERSION = 5.0;
				TARGETED_DEVICE_FAMILY = "1,2";
			};
			name = Debug;
		};
		3001D7D9B81F6129CA93E4CF /* Debug */ = {
			isa = XCBuildConfiguration;
			buildSettings = {
				BUNDLE_LOADER = "$(TEST_HOST)";
				CODE_SIGN_STYLE = Automatic;
				CURRENT_PROJECT_VERSION = 1;
				DEVELOPMENT_TEAM = SJ8DC28NRH;
				GENERATE_INFOPLIST_FILE = YES;
				LD_RUNPATH_SEARCH_PATHS = (
					"$(inherited)",
					"@executable_path/Frameworks",
					"@loader_path/Frameworks",
				);
				MARKETING_VERSION = 1.0;
				PRODUCT_BUNDLE_IDENTIFIER = com.gongdexin.paul.UnhurryTests;
				SDKROOT = iphoneos;
				SWIFT_APPROACHABLE_CONCURRENCY = YES;
				SWIFT_VERSION = 5.0;
				TARGETED_DEVICE_FAMILY = "1,2";
				TEST_HOST = "$(BUILT_PRODUCTS_DIR)/Unhurry.app/$(BUNDLE_EXECUTABLE_FOLDER_PATH)/Unhurry";
			};
			name = Debug;
		};
		690922C1BD95C99E0E153159 /* Release */ = {
			isa = XCBuildConfiguration;
			buildSettings = {
				BUNDLE_LOADER = "$(TEST_HOST)";
				CODE_SIGN_STYLE = Automatic;
				CURRENT_PROJECT_VERSION = 1;
				DEVELOPMENT_TEAM = SJ8DC28NRH;
				GENERATE_INFOPLIST_FILE = YES;
				LD_RUNPATH_SEARCH_PATHS = (
					"$(inherited)",
					"@executable_path/Frameworks",
					"@loader_path/Frameworks",
				);
				MARKETING_VERSION = 1.0;
				PRODUCT_BUNDLE_IDENTIFIER = com.gongdexin.paul.UnhurryTests;
				SDKROOT = iphoneos;
				SWIFT_APPROACHABLE_CONCURRENCY = YES;
				SWIFT_VERSION = 5.0;
				TARGETED_DEVICE_FAMILY = "1,2";
				TEST_HOST = "$(BUILT_PRODUCTS_DIR)/Unhurry.app/$(BUNDLE_EXECUTABLE_FOLDER_PATH)/Unhurry";
			};
			name = Release;
		};
		72DA1BDAACE64C284C4A0D06 /* Release */ = {
			isa = XCBuildConfiguration;
			buildSettings = {
				ASSETCATALOG_COMPILER_APPICON_NAME = AppIcon;
				ASSETCATALOG_COMPILER_GENERATE_SWIFT_ASSET_SYMBOL_EXTENSIONS = YES;
				ASSETCATALOG_COMPILER_GLOBAL_ACCENT_COLOR_NAME = AccentColor;
				CODE_SIGN_ENTITLEMENTS = Unhurry/Unhurry.entitlements;
				CODE_SIGN_IDENTITY = "iPhone Developer";
				CODE_SIGN_STYLE = Automatic;
				CURRENT_PROJECT_VERSION = 1;
				DEVELOPMENT_TEAM = SJ8DC28NRH;
				ENABLE_PREVIEWS = YES;
				ENABLE_USER_SCRIPT_SANDBOXING = NO;
				INFOPLIST_FILE = Unhurry/Info.plist;
				LD_RUNPATH_SEARCH_PATHS = (
					"$(inherited)",
					"@executable_path/Frameworks",
				);
				MARKETING_VERSION = 1.0;
				PRODUCT_BUNDLE_IDENTIFIER = com.gongdexin.paul.Unhurry;
				SDKROOT = iphoneos;
				STRING_CATALOG_GENERATE_SYMBOLS = YES;
				SWIFT_APPROACHABLE_CONCURRENCY = YES;
				SWIFT_DEFAULT_ACTOR_ISOLATION = MainActor;
				SWIFT_EMIT_LOC_STRINGS = YES;
				SWIFT_UPCOMING_FEATURE_MEMBER_IMPORT_VISIBILITY = YES;
				TARGETED_DEVICE_FAMILY = "1,2";
			};
			name = Release;
		};
		84E44E8ED786F102A1C0E69B /* Release */ = {
			isa = XCBuildConfiguration;
			buildSettings = {
				ALWAYS_SEARCH_USER_PATHS = NO;
				CLANG_ANALYZER_NONNULL = YES;
				CLANG_ANALYZER_NUMBER_OBJECT_CONVERSION = YES_AGGRESSIVE;
				CLANG_CXX_LANGUAGE_STANDARD = "gnu++14";
				CLANG_CXX_LIBRARY = "libc++";
				CLANG_ENABLE_MODULES = YES;
				CLANG_ENABLE_OBJC_ARC = YES;
				CLANG_ENABLE_OBJC_WEAK = YES;
				CLANG_WARN_BLOCK_CAPTURE_AUTORELEASING = YES;
				CLANG_WARN_BOOL_CONVERSION = YES;
				CLANG_WARN_COMMA = YES;
				CLANG_WARN_CONSTANT_CONVERSION = YES;
				CLANG_WARN_DEPRECATED_OBJC_IMPLEMENTATIONS = YES;
				CLANG_WARN_DIRECT_OBJC_ISA_USAGE = YES_ERROR;
				CLANG_WARN_DOCUMENTATION_COMMENTS = YES;
				CLANG_WARN_EMPTY_BODY = YES;
				CLANG_WARN_ENUM_CONVERSION = YES;
				CLANG_WARN_INFINITE_RECURSION = YES;
				CLANG_WARN_INT_CONVERSION = YES;
				CLANG_WARN_NON_LITERAL_NULL_CONVERSION = YES;
				CLANG_WARN_OBJC_IMPLICIT_RETAIN_SELF = YES;
				CLANG_WARN_OBJC_LITERAL_CONVERSION = YES;
				CLANG_WARN_OBJC_ROOT_CLASS = YES_ERROR;
				CLANG_WARN_QUOTED_INCLUDE_IN_FRAMEWORK_HEADER = YES;
				CLANG_WARN_RANGE_LOOP_ANALYSIS = YES;
				CLANG_WARN_STRICT_PROTOTYPES = YES;
				CLANG_WARN_SUSPICIOUS_MOVE = YES;
				CLANG_WARN_UNGUARDED_AVAILABILITY = YES_AGGRESSIVE;
				CLANG_WARN_UNREACHABLE_CODE = YES;
				CLANG_WARN__DUPLICATE_METHOD_MATCH = YES;
				COPY_PHASE_STRIP = NO;
				DEBUG_INFORMATION_FORMAT = "dwarf-with-dsym";
				ENABLE_NS_ASSERTIONS = NO;
				ENABLE_STRICT_OBJC_MSGSEND = YES;
				GCC_C_LANGUAGE_STANDARD = gnu11;
				GCC_NO_COMMON_BLOCKS = YES;
				GCC_WARN_64_TO_32_BIT_CONVERSION = YES;
				GCC_WARN_ABOUT_RETURN_TYPE = YES_ERROR;
				GCC_WARN_UNDECLARED_SELECTOR = YES;
				GCC_WARN_UNINITIALIZED_AUTOS = YES_AGGRESSIVE;
				GCC_WARN_UNUSED_FUNCTION = YES;
				GCC_WARN_UNUSED_VARIABLE = YES;
				IPHONEOS_DEPLOYMENT_TARGET = 18.0;
				MTL_ENABLE_DEBUG_INFO = NO;
				MTL_FAST_MATH = YES;
				PRODUCT_NAME = "$(TARGET_NAME)";
				SDKROOT = iphoneos;
				SWIFT_COMPILATION_MODE = wholemodule;
				SWIFT_OPTIMIZATION_LEVEL = "-O";
				SWIFT_VERSION = 5.0;
				TARGETED_DEVICE_FAMILY = "1,2";
			};
			name = Release;
		};
		9BDA66C725E9F435F2A919EE /* Debug */ = {
			isa = XCBuildConfiguration;
			buildSettings = {
				ASSETCATALOG_COMPILER_GLOBAL_ACCENT_COLOR_NAME = AccentColor;
				CODE_SIGN_ENTITLEMENTS = UnhurryWidget/UnhurryWidget.entitlements;
				CODE_SIGN_STYLE = Automatic;
				CURRENT_PROJECT_VERSION = 1;
				DEVELOPMENT_TEAM = SJ8DC28NRH;
				INFOPLIST_FILE = UnhurryWidget/Info.plist;
				IPHONEOS_DEPLOYMENT_TARGET = 18.0;
				LD_RUNPATH_SEARCH_PATHS = (
					"$(inherited)",
					"@executable_path/Frameworks",
					"@executable_path/../../Frameworks",
				);
				MARKETING_VERSION = 1.0;
				PRODUCT_BUNDLE_IDENTIFIER = com.gongdexin.paul.Unhurry.widget;
				SDKROOT = iphoneos;
				SKIP_INSTALL = YES;
				SWIFT_APPROACHABLE_CONCURRENCY = YES;
				SWIFT_VERSION = 5.0;
				TARGETED_DEVICE_FAMILY = "1,2";
			};
			name = Debug;
		};
		EF6D5036BB7C021A758F8A9F /* Debug */ = {
			isa = XCBuildConfiguration;
			buildSettings = {
				ASSETCATALOG_COMPILER_APPICON_NAME = AppIcon;
				ASSETCATALOG_COMPILER_GENERATE_SWIFT_ASSET_SYMBOL_EXTENSIONS = YES;
				ASSETCATALOG_COMPILER_GLOBAL_ACCENT_COLOR_NAME = AccentColor;
				CODE_SIGN_ENTITLEMENTS = Unhurry/Unhurry.entitlements;
				CODE_SIGN_IDENTITY = "iPhone Developer";
				CODE_SIGN_STYLE = Automatic;
				CURRENT_PROJECT_VERSION = 1;
				DEVELOPMENT_TEAM = SJ8DC28NRH;
				ENABLE_PREVIEWS = YES;
				ENABLE_USER_SCRIPT_SANDBOXING = NO;
				INFOPLIST_FILE = Unhurry/Info.plist;
				LD_RUNPATH_SEARCH_PATHS = (
					"$(inherited)",
					"@executable_path/Frameworks",
				);
				MARKETING_VERSION = 1.0;
				PRODUCT_BUNDLE_IDENTIFIER = com.gongdexin.paul.Unhurry;
				SDKROOT = iphoneos;
				STRING_CATALOG_GENERATE_SYMBOLS = YES;
				SWIFT_APPROACHABLE_CONCURRENCY = YES;
				SWIFT_DEFAULT_ACTOR_ISOLATION = MainActor;
				SWIFT_EMIT_LOC_STRINGS = YES;
				SWIFT_UPCOMING_FEATURE_MEMBER_IMPORT_VISIBILITY = YES;
				TARGETED_DEVICE_FAMILY = "1,2";
			};
			name = Debug;
		};
/* End XCBuildConfiguration section */

/* Begin XCConfigurationList section */
		8387040210A506E4A118FE87 /* Build configuration list for PBXProject "Unhurry" */ = {
			isa = XCConfigurationList;
			buildConfigurations = (
				0C70AAE3FCACA2B179D331E1 /* Debug */,
				84E44E8ED786F102A1C0E69B /* Release */,
			);
			defaultConfigurationIsVisible = 0;
			defaultConfigurationName = Debug;
		};
		91FAF0BEB7DD983F0DCD5DA0 /* Build configuration list for PBXNativeTarget "Unhurry" */ = {
			isa = XCConfigurationList;
			buildConfigurations = (
				EF6D5036BB7C021A758F8A9F /* Debug */,
				72DA1BDAACE64C284C4A0D06 /* Release */,
			);
			defaultConfigurationIsVisible = 0;
			defaultConfigurationName = Debug;
		};
		9DD883643DE74912FC868914 /* Build configuration list for PBXNativeTarget "UnhurryTests" */ = {
			isa = XCConfigurationList;
			buildConfigurations = (
				3001D7D9B81F6129CA93E4CF /* Debug */,
				690922C1BD95C99E0E153159 /* Release */,
			);
			defaultConfigurationIsVisible = 0;
			defaultConfigurationName = Debug;
		};
		AA50BC4D1B579EB3D42A33C5 /* Build configuration list for PBXNativeTarget "UnhurryWidget" */ = {
			isa = XCConfigurationList;
			buildConfigurations = (
				9BDA66C725E9F435F2A919EE /* Debug */,
				00A4EE2ABF3BF245FB6610C9 /* Release */,
			);
			defaultConfigurationIsVisible = 0;
			defaultConfigurationName = Debug;
		};
/* End XCConfigurationList section */
	};
	rootObject = BBC4C593F8EFBA39FE96258F /* Project object */;
}
